
Microsoft Visual Studio Solution File, Format Version 12.00
# Visual Studio Version 16
VisualStudioVersion = 16.0.31005.135
MinimumVisualStudioVersion = 10.0.40219.1
Project("{FAE04EC0-301F-11D3-BF4B-00C04F79EFBC}") = "WebStoreAPI", "WebStoreAPI\WebStoreAPI.csproj", "{5E20A531-EF1C-4879-BD53-E1B412DE3F18}"
EndProject
Global
	GlobalSection(SolutionConfigurationPlatforms) = preSolution
		Debug|Any CPU = Debug|Any CPU
		Release|Any CPU = Release|Any CPU
	EndGlobalSection
	GlobalSection(ProjectConfigurationPlatforms) = postSolution
		{5E20A531-EF1C-4879-BD53-E1B412DE3F18}.Debug|Any CPU.ActiveCfg = Debug|Any CPU
		{5E20A531-EF1C-4879-BD53-E1B412DE3F18}.Debug|Any CPU.Build.0 = Debug|Any CPU
		{5E20A531-EF1C-4879-BD53-E1B412DE3F18}.Release|Any CPU.ActiveCfg = Release|Any CPU
		{5E20A531-EF1C-4879-BD53-E1B412DE3F18}.Release|Any CPU.Build.0 = Release|Any CPU
	EndGlobalSection
	GlobalSection(SolutionProperties) = preSolution
		HideSolutionNode = FALSE
	EndGlobalSection
	GlobalSection(ExtensibilityGlobals) = postSolution
		SolutionGuid = {F616DF24-8558-4A33-92B8-E33ED9F89081}
	EndGlobalSection
EndGlobal
